
Microsoft Visual Studio Solution File, Format Version 12.00
# Visual Studio 15
VisualStudioVersion = 15.0.28307.271
MinimumVisualStudioVersion = 10.0.40219.1
Project("{FAE04EC0-301F-11D3-BF4B-00C04F79EFBC}") = "sunday", "sunday\sunday.csproj", "{F65E84B6-6F1C-4195-916E-B2B8372F4772}"
EndProject
Global
	GlobalSection(SolutionConfigurationPlatforms) = preSolution
		Debug|Any CPU = Debug|Any CPU
		Release|Any CPU = Release|Any CPU
	EndGlobalSection
	GlobalSection(ProjectConfigurationPlatforms) = postSolution
		{F65E84B6-6F1C-4195-916E-B2B8372F4772}.Debug|Any CPU.ActiveCfg = Debug|Any CPU
		{F65E84B6-6F1C-4195-916E-B2B8372F4772}.Debug|Any CPU.Build.0 = Debug|Any CPU
		{F65E84B6-6F1C-4195-916E-B2B8372F4772}.Release|Any CPU.ActiveCfg = Release|Any CPU
		{F65E84B6-6F1C-4195-916E-B2B8372F4772}.Release|Any CPU.Build.0 = Release|Any CPU
	EndGlobalSection
	GlobalSection(SolutionProperties) = preSolution
		HideSolutionNode = FALSE
	EndGlobalSection
	GlobalSection(ExtensibilityGlobals) = postSolution
		SolutionGuid = {4222CFF0-CC76-4A0F-ACAF-5547271E911F}
	EndGlobalSection
EndGlobal
